// !$*UTF8*$!
{
	archiveVersion = 1;
	classes = {
	};
	objectVersion = 52;
	objects = {

/* Begin PBXBuildFile section */
		2B4D95B92691DA0600DBC519 /* candidates_case_success.json in Resources */ = {isa = PBXBuildFile; fileRef = 2B4D95B82691DA0600DBC519 /* candidates_case_success.json */; };
		2B4D95C32691E52D00DBC519 /* RemoteNetworkService.swift in Sources */ = {isa = PBXBuildFile; fileRef = 2B4D95C22691E52D00DBC519 /* RemoteNetworkService.swift */; };
		2B4D95C726923C5A00DBC519 /* PersonioServiceFactory.swift in Sources */ = {isa = PBXBuildFile; fileRef = 2B4D95C626923C5A00DBC519 /* PersonioServiceFactory.swift */; };
		2B68FC91268EEF9B00B3F7F5 /* GeneralCell.swift in Sources */ = {isa = PBXBuildFile; fileRef = 2B68FC90268EEF9B00B3F7F5 /* GeneralCell.swift */; };
		2B70ED2426A5801500EAB663 /* UITableView+.swift in Sources */ = {isa = PBXBuildFile; fileRef = 2B70ED2326A5801500EAB663 /* UITableView+.swift */; };
		2B718345268F0A1400AEBBF6 /* UIView+.swift in Sources */ = {isa = PBXBuildFile; fileRef = 2B718344268F0A1400AEBBF6 /* UIView+.swift */; };
		2B969A5326A193D6005EEF5E /* SafeRelay.swift in Sources */ = {isa = PBXBuildFile; fileRef = 2B969A5226A193D6005EEF5E /* SafeRelay.swift */; };
		2B969A5926A19872005EEF5E /* Observable+.swift in Sources */ = {isa = PBXBuildFile; fileRef = 2B969A5826A19872005EEF5E /* Observable+.swift */; };
		2B969A7826A2CD00005EEF5E /* Utilities.swift in Sources */ = {isa = PBXBuildFile; fileRef = 2B969A6A26A2CCFF005EEF5E /* Utilities.swift */; };
		2B969A7926A2CD00005EEF5E /* ItemPath.swift in Sources */ = {isa = PBXBuildFile; fileRef = 2B969A6C26A2CCFF005EEF5E /* ItemPath.swift */; };
		2B969A7A26A2CD00005EEF5E /* AnimatableSectionModelType.swift in Sources */ = {isa = PBXBuildFile; fileRef = 2B969A6D26A2CCFF005EEF5E /* AnimatableSectionModelType.swift */; };
		2B969A7B26A2CD00005EEF5E /* Diff.swift in Sources */ = {isa = PBXBuildFile; fileRef = 2B969A6E26A2CCFF005EEF5E /* Diff.swift */; };
		2B969A7C26A2CD00005EEF5E /* AnimatableSectionModelType+ItemPath.swift in Sources */ = {isa = PBXBuildFile; fileRef = 2B969A6F26A2CCFF005EEF5E /* AnimatableSectionModelType+ItemPath.swift */; };
		2B969A7D26A2CD00005EEF5E /* SectionModelType.swift in Sources */ = {isa = PBXBuildFile; fileRef = 2B969A7026A2CCFF005EEF5E /* SectionModelType.swift */; };
		2B969A7F26A2CD00005EEF5E /* Optional+Extensions.swift in Sources */ = {isa = PBXBuildFile; fileRef = 2B969A7226A2CD00005EEF5E /* Optional+Extensions.swift */; };
		2B969A8026A2CD00005EEF5E /* AnimatableSectionModel.swift in Sources */ = {isa = PBXBuildFile; fileRef = 2B969A7326A2CD00005EEF5E /* AnimatableSectionModel.swift */; };
		2B969A8126A2CD00005EEF5E /* Changeset.swift in Sources */ = {isa = PBXBuildFile; fileRef = 2B969A7426A2CD00005EEF5E /* Changeset.swift */; };
		2B969A8226A2CD00005EEF5E /* IdentifiableType.swift in Sources */ = {isa = PBXBuildFile; fileRef = 2B969A7526A2CD00005EEF5E /* IdentifiableType.swift */; };
		2B969A8326A2CD00005EEF5E /* IdentifiableValue.swift in Sources */ = {isa = PBXBuildFile; fileRef = 2B969A7626A2CD00005EEF5E /* IdentifiableValue.swift */; };
		2B969A8426A2CD00005EEF5E /* SectionModel.swift in Sources */ = {isa = PBXBuildFile; fileRef = 2B969A7726A2CD00005EEF5E /* SectionModel.swift */; };
		2B969A9926A2CD12005EEF5E /* RxPickerViewAdapter.swift in Sources */ = {isa = PBXBuildFile; fileRef = 2B969A8726A2CD11005EEF5E /* RxPickerViewAdapter.swift */; };
		2B969A9A26A2CD12005EEF5E /* IntegerType+IdentifiableType.swift in Sources */ = {isa = PBXBuildFile; fileRef = 2B969A8826A2CD11005EEF5E /* IntegerType+IdentifiableType.swift */; };
		2B969A9C26A2CD12005EEF5E /* RxTableViewSectionedAnimatedDataSource.swift in Sources */ = {isa = PBXBuildFile; fileRef = 2B969A8A26A2CD11005EEF5E /* RxTableViewSectionedAnimatedDataSource.swift */; };
		2B969A9D26A2CD12005EEF5E /* DataSources.swift in Sources */ = {isa = PBXBuildFile; fileRef = 2B969A8B26A2CD11005EEF5E /* DataSources.swift */; };
		2B969A9E26A2CD12005EEF5E /* String+IdentifiableType.swift in Sources */ = {isa = PBXBuildFile; fileRef = 2B969A8C26A2CD11005EEF5E /* String+IdentifiableType.swift */; };
		2B969A9F26A2CD12005EEF5E /* TableViewSectionedDataSource.swift in Sources */ = {isa = PBXBuildFile; fileRef = 2B969A8D26A2CD11005EEF5E /* TableViewSectionedDataSource.swift */; };
		2B969AA026A2CD12005EEF5E /* CollectionViewSectionedDataSource.swift in Sources */ = {isa = PBXBuildFile; fileRef = 2B969A8E26A2CD11005EEF5E /* CollectionViewSectionedDataSource.swift */; };
		2B969AA126A2CD12005EEF5E /* UI+SectionedViewType.swift in Sources */ = {isa = PBXBuildFile; fileRef = 2B969A8F26A2CD11005EEF5E /* UI+SectionedViewType.swift */; };
		2B969AA226A2CD12005EEF5E /* FloatingPointType+IdentifiableType.swift in Sources */ = {isa = PBXBuildFile; fileRef = 2B969A9026A2CD11005EEF5E /* FloatingPointType+IdentifiableType.swift */; };
		2B969AA326A2CD12005EEF5E /* RxCollectionViewSectionedAnimatedDataSource.swift in Sources */ = {isa = PBXBuildFile; fileRef = 2B969A9126A2CD11005EEF5E /* RxCollectionViewSectionedAnimatedDataSource.swift */; };
		2B969AA426A2CD12005EEF5E /* ViewTransition.swift in Sources */ = {isa = PBXBuildFile; fileRef = 2B969A9226A2CD11005EEF5E /* ViewTransition.swift */; };
		2B969AA526A2CD12005EEF5E /* Deprecated.swift in Sources */ = {isa = PBXBuildFile; fileRef = 2B969A9326A2CD11005EEF5E /* Deprecated.swift */; };
		2B969AA626A2CD12005EEF5E /* RxTableViewSectionedReloadDataSource.swift in Sources */ = {isa = PBXBuildFile; fileRef = 2B969A9426A2CD11005EEF5E /* RxTableViewSectionedReloadDataSource.swift */; };
		2B969AA726A2CD12005EEF5E /* Array+Extensions.swift in Sources */ = {isa = PBXBuildFile; fileRef = 2B969A9526A2CD12005EEF5E /* Array+Extensions.swift */; };
		2B969AA826A2CD12005EEF5E /* AnimationConfiguration.swift in Sources */ = {isa = PBXBuildFile; fileRef = 2B969A9626A2CD12005EEF5E /* AnimationConfiguration.swift */; };
		2B969AA926A2CD12005EEF5E /* RxCollectionViewSectionedReloadDataSource.swift in Sources */ = {isa = PBXBuildFile; fileRef = 2B969A9826A2CD12005EEF5E /* RxCollectionViewSectionedReloadDataSource.swift */; };
		2B969ABC26A30A35005EEF5E /* UIScrollView+.swift in Sources */ = {isa = PBXBuildFile; fileRef = 2B969ABB26A30A35005EEF5E /* UIScrollView+.swift */; };
		2B969AC026A362B7005EEF5E /* Storyboard.storyboard in Resources */ = {isa = PBXBuildFile; fileRef = 2B969ABF26A362B7005EEF5E /* Storyboard.storyboard */; };
		2BB04CBC268DEF6500C82A4F /* AppDelegate.swift in Sources */ = {isa = PBXBuildFile; fileRef = 2BB04CBB268DEF6500C82A4F /* AppDelegate.swift */; };
		2BB04CBE268DEF6500C82A4F /* SceneDelegate.swift in Sources */ = {isa = PBXBuildFile; fileRef = 2BB04CBD268DEF6500C82A4F /* SceneDelegate.swift */; };
		2BB04CC0268DEF6500C82A4F /* CandidateListViewController.swift in Sources */ = {isa = PBXBuildFile; fileRef = 2BB04CBF268DEF6500C82A4F /* CandidateListViewController.swift */; };
		2BB04CC5268DEF6700C82A4F /* Assets.xcassets in Resources */ = {isa = PBXBuildFile; fileRef = 2BB04CC4268DEF6700C82A4F /* Assets.xcassets */; };
		2BB04CC8268DEF6700C82A4F /* LaunchScreen.storyboard in Resources */ = {isa = PBXBuildFile; fileRef = 2BB04CC6268DEF6700C82A4F /* LaunchScreen.storyboard */; };
		2BB04CD3268DEF6700C82A4F /* CandidateListViewModelTests.swift in Sources */ = {isa = PBXBuildFile; fileRef = 2BB04CD2268DEF6700C82A4F /* CandidateListViewModelTests.swift */; };
		2BB04CDE268DEF6700C82A4F /* PersonioUITests.swift in Sources */ = {isa = PBXBuildFile; fileRef = 2BB04CDD268DEF6700C82A4F /* PersonioUITests.swift */; };
		2BB04D04268DFD1400C82A4F /* RxCocoa.xcframework in Frameworks */ = {isa = PBXBuildFile; fileRef = 2BB04D00268DFD1400C82A4F /* RxCocoa.xcframework */; };
		2BB04D05268DFD1400C82A4F /* RxCocoa.xcframework in Embed Frameworks */ = {isa = PBXBuildFile; fileRef = 2BB04D00268DFD1400C82A4F /* RxCocoa.xcframework */; settings = {ATTRIBUTES = (CodeSignOnCopy, RemoveHeadersOnCopy, ); }; };
		2BB04D06268DFD1400C82A4F /* RxSwift.xcframework in Frameworks */ = {isa = PBXBuildFile; fileRef = 2BB04D01268DFD1400C82A4F /* RxSwift.xcframework */; };
		2BB04D07268DFD1400C82A4F /* RxSwift.xcframework in Embed Frameworks */ = {isa = PBXBuildFile; fileRef = 2BB04D01268DFD1400C82A4F /* RxSwift.xcframework */; settings = {ATTRIBUTES = (CodeSignOnCopy, RemoveHeadersOnCopy, ); }; };
		2BB04D08268DFD1400C82A4F /* RxRelay.xcframework in Frameworks */ = {isa = PBXBuildFile; fileRef = 2BB04D02268DFD1400C82A4F /* RxRelay.xcframework */; };
		2BB04D09268DFD1400C82A4F /* RxRelay.xcframework in Embed Frameworks */ = {isa = PBXBuildFile; fileRef = 2BB04D02268DFD1400C82A4F /* RxRelay.xcframework */; settings = {ATTRIBUTES = (CodeSignOnCopy, RemoveHeadersOnCopy, ); }; };
		2BB04D0A268DFD1400C82A4F /* RxBlocking.xcframework in Frameworks */ = {isa = PBXBuildFile; fileRef = 2BB04D03268DFD1400C82A4F /* RxBlocking.xcframework */; };
		2BB04D0B268DFD1400C82A4F /* RxBlocking.xcframework in Embed Frameworks */ = {isa = PBXBuildFile; fileRef = 2BB04D03268DFD1400C82A4F /* RxBlocking.xcframework */; settings = {ATTRIBUTES = (CodeSignOnCopy, RemoveHeadersOnCopy, ); }; };
		2BB04D16268E0FAD00C82A4F /* Candidate.swift in Sources */ = {isa = PBXBuildFile; fileRef = 2BB04D15268E0FAD00C82A4F /* Candidate.swift */; };
		2BB04D1C268E12A900C82A4F /* PagedResponse.swift in Sources */ = {isa = PBXBuildFile; fileRef = 2BB04D1B268E12A900C82A4F /* PagedResponse.swift */; };
		2BB04D29268E1A8400C82A4F /* Alamofire.xcframework in Frameworks */ = {isa = PBXBuildFile; fileRef = 2BB04D22268E1A8400C82A4F /* Alamofire.xcframework */; };
		2BB04D2A268E1A8400C82A4F /* Alamofire.xcframework in Embed Frameworks */ = {isa = PBXBuildFile; fileRef = 2BB04D22268E1A8400C82A4F /* Alamofire.xcframework */; settings = {ATTRIBUTES = (CodeSignOnCopy, RemoveHeadersOnCopy, ); }; };
		2BB04D35268E1FCA00C82A4F /* PersonioRemoteService.swift in Sources */ = {isa = PBXBuildFile; fileRef = 2BB04D34268E1FCA00C82A4F /* PersonioRemoteService.swift */; };
		2BB04D49268E5E3400C82A4F /* ServerErrorResponse.swift in Sources */ = {isa = PBXBuildFile; fileRef = 2BB04D48268E5E3400C82A4F /* ServerErrorResponse.swift */; };
		2BB04D50268E601500C82A4F /* GenericServerErrorResponse.swift in Sources */ = {isa = PBXBuildFile; fileRef = 2BB04D4F268E601500C82A4F /* GenericServerErrorResponse.swift */; };
		2BFBDEE1268E6A0100C3D1C9 /* MockPersonioRemoteService.swift in Sources */ = {isa = PBXBuildFile; fileRef = 2BFBDEE0268E6A0100C3D1C9 /* MockPersonioRemoteService.swift */; };
		2BFBDEE8268E6A2300C3D1C9 /* candidates.json in Resources */ = {isa = PBXBuildFile; fileRef = 2BFBDEE7268E6A2300C3D1C9 /* candidates.json */; };
		2BFE1ED9269256FE009F3804 /* CandidateListViewModel.swift in Sources */ = {isa = PBXBuildFile; fileRef = 2BFE1ED8269256FE009F3804 /* CandidateListViewModel.swift */; };
		2BFE1EE426926247009F3804 /* LoadingStatus.swift in Sources */ = {isa = PBXBuildFile; fileRef = 2BFE1EE326926247009F3804 /* LoadingStatus.swift */; };
		2BFE1EEA26927A1C009F3804 /* LoadingView.swift in Sources */ = {isa = PBXBuildFile; fileRef = 2BFE1EE926927A1C009F3804 /* LoadingView.swift */; };
		2BFE1EF8269337A2009F3804 /* LoadingErrorView.swift in Sources */ = {isa = PBXBuildFile; fileRef = 2BFE1EF7269337A2009F3804 /* LoadingErrorView.swift */; };
		2BFE1F0F26933C35009F3804 /* LoadingManagerView.swift in Sources */ = {isa = PBXBuildFile; fileRef = 2BFE1F0E26933C35009F3804 /* LoadingManagerView.swift */; };
		2BFE1F1A26933EAB009F3804 /* LoadingManagerViewModel.swift in Sources */ = {isa = PBXBuildFile; fileRef = 2BFE1F1926933EAB009F3804 /* LoadingManagerViewModel.swift */; };
		2BFE1F1E26935038009F3804 /* MockServerResponse.swift in Sources */ = {isa = PBXBuildFile; fileRef = 2BFE1F1D26935038009F3804 /* MockServerResponse.swift */; };
		2BFE1F2F2693A3F0009F3804 /* CandidateDetailViewModel.swift in Sources */ = {isa = PBXBuildFile; fileRef = 2BFE1F2E2693A3F0009F3804 /* CandidateDetailViewModel.swift */; };
		2BFE1F352693A42F009F3804 /* CandidateDetailViewController.swift in Sources */ = {isa = PBXBuildFile; fileRef = 2BFE1F342693A42F009F3804 /* CandidateDetailViewController.swift */; };
		2BFE1F3C2693B4A1009F3804 /* GeneralCellViewModel.swift in Sources */ = {isa = PBXBuildFile; fileRef = 2BFE1F3B2693B4A1009F3804 /* GeneralCellViewModel.swift */; };
		2BFE1F4426944A56009F3804 /* CandidateGeneralCellViewModel.swift in Sources */ = {isa = PBXBuildFile; fileRef = 2BFE1F4326944A56009F3804 /* CandidateGeneralCellViewModel.swift */; };
		2BFE1F4826945A36009F3804 /* CandidateDetailViewModelTests.swift in Sources */ = {isa = PBXBuildFile; fileRef = 2BFE1F4726945A36009F3804 /* CandidateDetailViewModelTests.swift */; };
/* End PBXBuildFile section */

/* Begin PBXContainerItemProxy section */
		2BB04CCF268DEF6700C82A4F /* PBXContainerItemProxy */ = {
			isa = PBXContainerItemProxy;
			containerPortal = 2BB04CB0268DEF6500C82A4F /* Project object */;
			proxyType = 1;
			remoteGlobalIDString = 2BB04CB7268DEF6500C82A4F;
			remoteInfo = Personio;
		};
		2BB04CDA268DEF6700C82A4F /* PBXContainerItemProxy */ = {
			isa = PBXContainerItemProxy;
			containerPortal = 2BB04CB0268DEF6500C82A4F /* Project object */;
			proxyType = 1;
			remoteGlobalIDString = 2BB04CB7268DEF6500C82A4F;
			remoteInfo = Personio;
		};
/* End PBXContainerItemProxy section */

/* Begin PBXCopyFilesBuildPhase section */
		2BB04D0C268DFD1400C82A4F /* Embed Frameworks */ = {
			isa = PBXCopyFilesBuildPhase;
			buildActionMask = 2147483647;
			dstPath = "";
			dstSubfolderSpec = 10;
			files = (
				2BB04D0B268DFD1400C82A4F /* RxBlocking.xcframework in Embed Frameworks */,
				2BB04D09268DFD1400C82A4F /* RxRelay.xcframework in Embed Frameworks */,
				2BB04D2A268E1A8400C82A4F /* Alamofire.xcframework in Embed Frameworks */,
				2BB04D05268DFD1400C82A4F /* RxCocoa.xcframework in Embed Frameworks */,
				2BB04D07268DFD1400C82A4F /* RxSwift.xcframework in Embed Frameworks */,
			);
			name = "Embed Frameworks";
			runOnlyForDeploymentPostprocessing = 0;
		};
/* End PBXCopyFilesBuildPhase section */

/* Begin PBXFileReference section */
		2B4D95B82691DA0600DBC519 /* candidates_case_success.json */ = {isa = PBXFileReference; lastKnownFileType = text.json; path = candidates_case_success.json; sourceTree = "<group>"; };
		2B4D95C22691E52D00DBC519 /* RemoteNetworkService.swift */ = {isa = PBXFileReference; lastKnownFileType = sourcecode.swift; path = RemoteNetworkService.swift; sourceTree = "<group>"; };
		2B4D95C626923C5A00DBC519 /* PersonioServiceFactory.swift */ = {isa = PBXFileReference; lastKnownFileType = sourcecode.swift; path = PersonioServiceFactory.swift; sourceTree = "<group>"; };
		2B68FC90268EEF9B00B3F7F5 /* GeneralCell.swift */ = {isa = PBXFileReference; lastKnownFileType = sourcecode.swift; path = GeneralCell.swift; sourceTree = "<group>"; };
		2B70ED2326A5801500EAB663 /* UITableView+.swift */ = {isa = PBXFileReference; lastKnownFileType = sourcecode.swift; path = "UITableView+.swift"; sourceTree = "<group>"; };
		2B718344268F0A1400AEBBF6 /* UIView+.swift */ = {isa = PBXFileReference; lastKnownFileType = sourcecode.swift; path = "UIView+.swift"; sourceTree = "<group>"; };
		2B969A5226A193D6005EEF5E /* SafeRelay.swift */ = {isa = PBXFileReference; lastKnownFileType = sourcecode.swift; path = SafeRelay.swift; sourceTree = "<group>"; };
		2B969A5826A19872005EEF5E /* Observable+.swift */ = {isa = PBXFileReference; lastKnownFileType = sourcecode.swift; path = "Observable+.swift"; sourceTree = "<group>"; };
		2B969A6A26A2CCFF005EEF5E /* Utilities.swift */ = {isa = PBXFileReference; fileEncoding = 4; lastKnownFileType = sourcecode.swift; path = Utilities.swift; sourceTree = "<group>"; };
		2B969A6B26A2CCFF005EEF5E /* Differentiator.h */ = {isa = PBXFileReference; fileEncoding = 4; lastKnownFileType = sourcecode.c.h; path = Differentiator.h; sourceTree = "<group>"; };
		2B969A6C26A2CCFF005EEF5E /* ItemPath.swift */ = {isa = PBXFileReference; fileEncoding = 4; lastKnownFileType = sourcecode.swift; path = ItemPath.swift; sourceTree = "<group>"; };
		2B969A6D26A2CCFF005EEF5E /* AnimatableSectionModelType.swift */ = {isa = PBXFileReference; fileEncoding = 4; lastKnownFileType = sourcecode.swift; path = AnimatableSectionModelType.swift; sourceTree = "<group>"; };
		2B969A6E26A2CCFF005EEF5E /* Diff.swift */ = {isa = PBXFileReference; fileEncoding = 4; lastKnownFileType = sourcecode.swift; path = Diff.swift; sourceTree = "<group>"; };
		2B969A6F26A2CCFF005EEF5E /* AnimatableSectionModelType+ItemPath.swift */ = {isa = PBXFileReference; fileEncoding = 4; lastKnownFileType = sourcecode.swift; path = "AnimatableSectionModelType+ItemPath.swift"; sourceTree = "<group>"; };
		2B969A7026A2CCFF005EEF5E /* SectionModelType.swift */ = {isa = PBXFileReference; fileEncoding = 4; lastKnownFileType = sourcecode.swift; path = SectionModelType.swift; sourceTree = "<group>"; };
		2B969A7226A2CD00005EEF5E /* Optional+Extensions.swift */ = {isa = PBXFileReference; fileEncoding = 4; lastKnownFileType = sourcecode.swift; path = "Optional+Extensions.swift"; sourceTree = "<group>"; };
		2B969A7326A2CD00005EEF5E /* AnimatableSectionModel.swift */ = {isa = PBXFileReference; fileEncoding = 4; lastKnownFileType = sourcecode.swift; path = AnimatableSectionModel.swift; sourceTree = "<group>"; };
		2B969A7426A2CD00005EEF5E /* Changeset.swift */ = {isa = PBXFileReference; fileEncoding = 4; lastKnownFileType = sourcecode.swift; path = Changeset.swift; sourceTree = "<group>"; };
		2B969A7526A2CD00005EEF5E /* IdentifiableType.swift */ = {isa = PBXFileReference; fileEncoding = 4; lastKnownFileType = sourcecode.swift; path = IdentifiableType.swift; sourceTree = "<group>"; };
		2B969A7626A2CD00005EEF5E /* IdentifiableValue.swift */ = {isa = PBXFileReference; fileEncoding = 4; lastKnownFileType = sourcecode.swift; path = IdentifiableValue.swift; sourceTree = "<group>"; };
		2B969A7726A2CD00005EEF5E /* SectionModel.swift */ = {isa = PBXFileReference; fileEncoding = 4; lastKnownFileType = sourcecode.swift; path = SectionModel.swift; sourceTree = "<group>"; };
		2B969A8726A2CD11005EEF5E /* RxPickerViewAdapter.swift */ = {isa = PBXFileReference; fileEncoding = 4; lastKnownFileType = sourcecode.swift; path = RxPickerViewAdapter.swift; sourceTree = "<group>"; };
		2B969A8826A2CD11005EEF5E /* IntegerType+IdentifiableType.swift */ = {isa = PBXFileReference; fileEncoding = 4; lastKnownFileType = sourcecode.swift; path = "IntegerType+IdentifiableType.swift"; sourceTree = "<group>"; };
		2B969A8A26A2CD11005EEF5E /* RxTableViewSectionedAnimatedDataSource.swift */ = {isa = PBXFileReference; fileEncoding = 4; lastKnownFileType = sourcecode.swift; path = RxTableViewSectionedAnimatedDataSource.swift; sourceTree = "<group>"; };
		2B969A8B26A2CD11005EEF5E /* DataSources.swift */ = {isa = PBXFileReference; fileEncoding = 4; lastKnownFileType = sourcecode.swift; path = DataSources.swift; sourceTree = "<group>"; };
		2B969A8C26A2CD11005EEF5E /* String+IdentifiableType.swift */ = {isa = PBXFileReference; fileEncoding = 4; lastKnownFileType = sourcecode.swift; path = "String+IdentifiableType.swift"; sourceTree = "<group>"; };
		2B969A8D26A2CD11005EEF5E /* TableViewSectionedDataSource.swift */ = {isa = PBXFileReference; fileEncoding = 4; lastKnownFileType = sourcecode.swift; path = TableViewSectionedDataSource.swift; sourceTree = "<group>"; };
		2B969A8E26A2CD11005EEF5E /* CollectionViewSectionedDataSource.swift */ = {isa = PBXFileReference; fileEncoding = 4; lastKnownFileType = sourcecode.swift; path = CollectionViewSectionedDataSource.swift; sourceTree = "<group>"; };
		2B969A8F26A2CD11005EEF5E /* UI+SectionedViewType.swift */ = {isa = PBXFileReference; fileEncoding = 4; lastKnownFileType = sourcecode.swift; path = "UI+SectionedViewType.swift"; sourceTree = "<group>"; };
		2B969A9026A2CD11005EEF5E /* FloatingPointType+IdentifiableType.swift */ = {isa = PBXFileReference; fileEncoding = 4; lastKnownFileType = sourcecode.swift; path = "FloatingPointType+IdentifiableType.swift"; sourceTree = "<group>"; };
		2B969A9126A2CD11005EEF5E /* RxCollectionViewSectionedAnimatedDataSource.swift */ = {isa = PBXFileReference; fileEncoding = 4; lastKnownFileType = sourcecode.swift; path = RxCollectionViewSectionedAnimatedDataSource.swift; sourceTree = "<group>"; };
		2B969A9226A2CD11005EEF5E /* ViewTransition.swift */ = {isa = PBXFileReference; fileEncoding = 4; lastKnownFileType = sourcecode.swift; path = ViewTransition.swift; sourceTree = "<group>"; };
		2B969A9326A2CD11005EEF5E /* Deprecated.swift */ = {isa = PBXFileReference; fileEncoding = 4; lastKnownFileType = sourcecode.swift; path = Deprecated.swift; sourceTree = "<group>"; };
		2B969A9426A2CD11005EEF5E /* RxTableViewSectionedReloadDataSource.swift */ = {isa = PBXFileReference; fileEncoding = 4; lastKnownFileType = sourcecode.swift; path = RxTableViewSectionedReloadDataSource.swift; sourceTree = "<group>"; };
		2B969A9526A2CD12005EEF5E /* Array+Extensions.swift */ = {isa = PBXFileReference; fileEncoding = 4; lastKnownFileType = sourcecode.swift; path = "Array+Extensions.swift"; sourceTree = "<group>"; };
		2B969A9626A2CD12005EEF5E /* AnimationConfiguration.swift */ = {isa = PBXFileReference; fileEncoding = 4; lastKnownFileType = sourcecode.swift; path = AnimationConfiguration.swift; sourceTree = "<group>"; };
		2B969A9726A2CD12005EEF5E /* RxDataSources.h */ = {isa = PBXFileReference; fileEncoding = 4; lastKnownFileType = sourcecode.c.h; path = RxDataSources.h; sourceTree = "<group>"; };
		2B969A9826A2CD12005EEF5E /* RxCollectionViewSectionedReloadDataSource.swift */ = {isa = PBXFileReference; fileEncoding = 4; lastKnownFileType = sourcecode.swift; path = RxCollectionViewSectionedReloadDataSource.swift; sourceTree = "<group>"; };
		2B969ABB26A30A35005EEF5E /* UIScrollView+.swift */ = {isa = PBXFileReference; lastKnownFileType = sourcecode.swift; path = "UIScrollView+.swift"; sourceTree = "<group>"; };
		2B969ABF26A362B7005EEF5E /* Storyboard.storyboard */ = {isa = PBXFileReference; lastKnownFileType = file.storyboard; path = Storyboard.storyboard; sourceTree = "<group>"; };
		2BB04CB8268DEF6500C82A4F /* Personio.app */ = {isa = PBXFileReference; explicitFileType = wrapper.application; includeInIndex = 0; path = Personio.app; sourceTree = BUILT_PRODUCTS_DIR; };
		2BB04CBB268DEF6500C82A4F /* AppDelegate.swift */ = {isa = PBXFileReference; lastKnownFileType = sourcecode.swift; path = AppDelegate.swift; sourceTree = "<group>"; };
		2BB04CBD268DEF6500C82A4F /* SceneDelegate.swift */ = {isa = PBXFileReference; lastKnownFileType = sourcecode.swift; path = SceneDelegate.swift; sourceTree = "<group>"; };
		2BB04CBF268DEF6500C82A4F /* CandidateListViewController.swift */ = {isa = PBXFileReference; lastKnownFileType = sourcecode.swift; path = CandidateListViewController.swift; sourceTree = "<group>"; };
		2BB04CC4268DEF6700C82A4F /* Assets.xcassets */ = {isa = PBXFileReference; lastKnownFileType = folder.assetcatalog; path = Assets.xcassets; sourceTree = "<group>"; };
		2BB04CC7268DEF6700C82A4F /* Base */ = {isa = PBXFileReference; lastKnownFileType = file.storyboard; name = Base; path = Base.lproj/LaunchScreen.storyboard; sourceTree = "<group>"; };
		2BB04CC9268DEF6700C82A4F /* Info.plist */ = {isa = PBXFileReference; lastKnownFileType = text.plist.xml; path = Info.plist; sourceTree = "<group>"; };
		2BB04CCE268DEF6700C82A4F /* PersonioTests.xctest */ = {isa = PBXFileReference; explicitFileType = wrapper.cfbundle; includeInIndex = 0; path = PersonioTests.xctest; sourceTree = BUILT_PRODUCTS_DIR; };
		2BB04CD2268DEF6700C82A4F /* CandidateListViewModelTests.swift */ = {isa = PBXFileReference; lastKnownFileType = sourcecode.swift; path = CandidateListViewModelTests.swift; sourceTree = "<group>"; };
		2BB04CD4268DEF6700C82A4F /* Info.plist */ = {isa = PBXFileReference; lastKnownFileType = text.plist.xml; path = Info.plist; sourceTree = "<group>"; };
		2BB04CD9268DEF6700C82A4F /* PersonioUITests.xctest */ = {isa = PBXFileReference; explicitFileType = wrapper.cfbundle; includeInIndex = 0; path = PersonioUITests.xctest; sourceTree = BUILT_PRODUCTS_DIR; };
		2BB04CDD268DEF6700C82A4F /* PersonioUITests.swift */ = {isa = PBXFileReference; lastKnownFileType = sourcecode.swift; path = PersonioUITests.swift; sourceTree = "<group>"; };
		2BB04CDF268DEF6700C82A4F /* Info.plist */ = {isa = PBXFileReference; lastKnownFileType = text.plist.xml; path = Info.plist; sourceTree = "<group>"; };
		2BB04D00268DFD1400C82A4F /* RxCocoa.xcframework */ = {isa = PBXFileReference; lastKnownFileType = wrapper.xcframework; name = RxCocoa.xcframework; path = Carthage/Build/RxCocoa.xcframework; sourceTree = "<group>"; };
		2BB04D01268DFD1400C82A4F /* RxSwift.xcframework */ = {isa = PBXFileReference; lastKnownFileType = wrapper.xcframework; name = RxSwift.xcframework; path = Carthage/Build/RxSwift.xcframework; sourceTree = "<group>"; };
		2BB04D02268DFD1400C82A4F /* RxRelay.xcframework */ = {isa = PBXFileReference; lastKnownFileType = wrapper.xcframework; name = RxRelay.xcframework; path = Carthage/Build/RxRelay.xcframework; sourceTree = "<group>"; };
		2BB04D03268DFD1400C82A4F /* RxBlocking.xcframework */ = {isa = PBXFileReference; lastKnownFileType = wrapper.xcframework; name = RxBlocking.xcframework; path = Carthage/Build/RxBlocking.xcframework; sourceTree = "<group>"; };
		2BB04D15268E0FAD00C82A4F /* Candidate.swift */ = {isa = PBXFileReference; lastKnownFileType = sourcecode.swift; path = Candidate.swift; sourceTree = "<group>"; };
		2BB04D1B268E12A900C82A4F /* PagedResponse.swift */ = {isa = PBXFileReference; lastKnownFileType = sourcecode.swift; path = PagedResponse.swift; sourceTree = "<group>"; };
		2BB04D1F268E1A8400C82A4F /* Realm.xcframework */ = {isa = PBXFileReference; lastKnownFileType = wrapper.xcframework; name = Realm.xcframework; path = Carthage/Build/Realm.xcframework; sourceTree = "<group>"; };
		2BB04D20268E1A8400C82A4F /* RealmSwift.xcframework */ = {isa = PBXFileReference; lastKnownFileType = wrapper.xcframework; name = RealmSwift.xcframework; path = Carthage/Build/RealmSwift.xcframework; sourceTree = "<group>"; };
		2BB04D21268E1A8400C82A4F /* RxAlamofire.xcframework */ = {isa = PBXFileReference; lastKnownFileType = wrapper.xcframework; name = RxAlamofire.xcframework; path = Carthage/Build/RxAlamofire.xcframework; sourceTree = "<group>"; };
		2BB04D22268E1A8400C82A4F /* Alamofire.xcframework */ = {isa = PBXFileReference; lastKnownFileType = wrapper.xcframework; name = Alamofire.xcframework; path = Carthage/Build/Alamofire.xcframework; sourceTree = "<group>"; };
		2BB04D2D268E1A9600C82A4F /* RxRealm.xcframework */ = {isa = PBXFileReference; lastKnownFileType = wrapper.xcframework; name = RxRealm.xcframework; path = Carthage/Build/RxRealm.xcframework; sourceTree = "<group>"; };
		2BB04D34268E1FCA00C82A4F /* PersonioRemoteService.swift */ = {isa = PBXFileReference; lastKnownFileType = sourcecode.swift; path = PersonioRemoteService.swift; sourceTree = "<group>"; };
		2BB04D48268E5E3400C82A4F /* ServerErrorResponse.swift */ = {isa = PBXFileReference; lastKnownFileType = sourcecode.swift; path = ServerErrorResponse.swift; sourceTree = "<group>"; };
		2BB04D4F268E601500C82A4F /* GenericServerErrorResponse.swift */ = {isa = PBXFileReference; lastKnownFileType = sourcecode.swift; path = GenericServerErrorResponse.swift; sourceTree = "<group>"; };
		2BFBDEE0268E6A0100C3D1C9 /* MockPersonioRemoteService.swift */ = {isa = PBXFileReference; lastKnownFileType = sourcecode.swift; path = MockPersonioRemoteService.swift; sourceTree = "<group>"; };
		2BFBDEE7268E6A2300C3D1C9 /* candidates.json */ = {isa = PBXFileReference; lastKnownFileType = text.json; path = candidates.json; sourceTree = "<group>"; };
		2BFE1ED8269256FE009F3804 /* CandidateListViewModel.swift */ = {isa = PBXFileReference; lastKnownFileType = sourcecode.swift; path = CandidateListViewModel.swift; sourceTree = "<group>"; };
		2BFE1EE326926247009F3804 /* LoadingStatus.swift */ = {isa = PBXFileReference; lastKnownFileType = sourcecode.swift; path = LoadingStatus.swift; sourceTree = "<group>"; };
		2BFE1EE926927A1C009F3804 /* LoadingView.swift */ = {isa = PBXFileReference; lastKnownFileType = sourcecode.swift; path = LoadingView.swift; sourceTree = "<group>"; };
		2BFE1EF7269337A2009F3804 /* LoadingErrorView.swift */ = {isa = PBXFileReference; lastKnownFileType = sourcecode.swift; path = LoadingErrorView.swift; sourceTree = "<group>"; };
		2BFE1F0E26933C35009F3804 /* LoadingManagerView.swift */ = {isa = PBXFileReference; lastKnownFileType = sourcecode.swift; path = LoadingManagerView.swift; sourceTree = "<group>"; };
		2BFE1F1926933EAB009F3804 /* LoadingManagerViewModel.swift */ = {isa = PBXFileReference; lastKnownFileType = sourcecode.swift; path = LoadingManagerViewModel.swift; sourceTree = "<group>"; };
		2BFE1F1D26935038009F3804 /* MockServerResponse.swift */ = {isa = PBXFileReference; lastKnownFileType = sourcecode.swift; path = MockServerResponse.swift; sourceTree = "<group>"; };
		2BFE1F2E2693A3F0009F3804 /* CandidateDetailViewModel.swift */ = {isa = PBXFileReference; lastKnownFileType = sourcecode.swift; path = CandidateDetailViewModel.swift; sourceTree = "<group>"; };
		2BFE1F342693A42F009F3804 /* CandidateDetailViewController.swift */ = {isa = PBXFileReference; lastKnownFileType = sourcecode.swift; path = CandidateDetailViewController.swift; sourceTree = "<group>"; };
		2BFE1F3B2693B4A1009F3804 /* GeneralCellViewModel.swift */ = {isa = PBXFileReference; lastKnownFileType = sourcecode.swift; path = GeneralCellViewModel.swift; sourceTree = "<group>"; };
		2BFE1F4326944A56009F3804 /* CandidateGeneralCellViewModel.swift */ = {isa = PBXFileReference; lastKnownFileType = sourcecode.swift; path = CandidateGeneralCellViewModel.swift; sourceTree = "<group>"; };
		2BFE1F4726945A36009F3804 /* CandidateDetailViewModelTests.swift */ = {isa = PBXFileReference; lastKnownFileType = sourcecode.swift; path = CandidateDetailViewModelTests.swift; sourceTree = "<group>"; };
/* End PBXFileReference section */

/* Begin PBXFrameworksBuildPhase section */
		2BB04CB5268DEF6500C82A4F /* Frameworks */ = {
			isa = PBXFrameworksBuildPhase;
			buildActionMask = 2147483647;
			files = (
				2BB04D0A268DFD1400C82A4F /* RxBlocking.xcframework in Frameworks */,
				2BB04D08268DFD1400C82A4F /* RxRelay.xcframework in Frameworks */,
				2BB04D29268E1A8400C82A4F /* Alamofire.xcframework in Frameworks */,
				2BB04D04268DFD1400C82A4F /* RxCocoa.xcframework in Frameworks */,
				2BB04D06268DFD1400C82A4F /* RxSwift.xcframework in Frameworks */,
			);
			runOnlyForDeploymentPostprocessing = 0;
		};
		2BB04CCB268DEF6700C82A4F /* Frameworks */ = {
			isa = PBXFrameworksBuildPhase;
			buildActionMask = 2147483647;
			files = (
			);
			runOnlyForDeploymentPostprocessing = 0;
		};
		2BB04CD6268DEF6700C82A4F /* Frameworks */ = {
			isa = PBXFrameworksBuildPhase;
			buildActionMask = 2147483647;
			files = (
			);
			runOnlyForDeploymentPostprocessing = 0;
		};
/* End PBXFrameworksBuildPhase section */

/* Begin PBXGroup section */
		2B4D95B72691D9D400DBC519 /* Candidates json */ = {
			isa = PBXGroup;
			children = (
				2B4D95B82691DA0600DBC519 /* candidates_case_success.json */,
			);
			path = "Candidates json";
			sourceTree = "<group>";
		};
		2B68FC8F268EEED300B3F7F5 /* View layer */ = {
			isa = PBXGroup;
			children = (
				2BFE1EE22692623B009F3804 /* General */,
				2BFE1EED26927C6C009F3804 /* Loading views */,
				2BFE1ED5269256F0009F3804 /* Candidate list */,
				2BFE1F2D2693A3C3009F3804 /* Candidate detail */,
				2B718344268F0A1400AEBBF6 /* UIView+.swift */,
			);
			path = "View layer";
			sourceTree = "<group>";
		};
		2B969A5126A193CC005EEF5E /* Helper */ = {
			isa = PBXGroup;
			children = (
				2B969A5226A193D6005EEF5E /* SafeRelay.swift */,
				2B969A5826A19872005EEF5E /* Observable+.swift */,
				2B969ABB26A30A35005EEF5E /* UIScrollView+.swift */,
				2B70ED2326A5801500EAB663 /* UITableView+.swift */,
				2B969ABF26A362B7005EEF5E /* Storyboard.storyboard */,
			);
			path = Helper;
			sourceTree = "<group>";
		};
		2B969A5F26A2CA46005EEF5E /* RxDataSources */ = {
			isa = PBXGroup;
			children = (
				2B969A6926A2CCF0005EEF5E /* RxDataSources */,
				2B969A6826A2CCDC005EEF5E /* Differentiator */,
			);
			path = RxDataSources;
			sourceTree = "<group>";
		};
		2B969A6826A2CCDC005EEF5E /* Differentiator */ = {
			isa = PBXGroup;
			children = (
				2B969A7326A2CD00005EEF5E /* AnimatableSectionModel.swift */,
				2B969A6D26A2CCFF005EEF5E /* AnimatableSectionModelType.swift */,
				2B969A6F26A2CCFF005EEF5E /* AnimatableSectionModelType+ItemPath.swift */,
				2B969A7426A2CD00005EEF5E /* Changeset.swift */,
				2B969A6E26A2CCFF005EEF5E /* Diff.swift */,
				2B969A6B26A2CCFF005EEF5E /* Differentiator.h */,
				2B969A7526A2CD00005EEF5E /* IdentifiableType.swift */,
				2B969A7626A2CD00005EEF5E /* IdentifiableValue.swift */,
				2B969A6C26A2CCFF005EEF5E /* ItemPath.swift */,
				2B969A7226A2CD00005EEF5E /* Optional+Extensions.swift */,
				2B969A7726A2CD00005EEF5E /* SectionModel.swift */,
				2B969A7026A2CCFF005EEF5E /* SectionModelType.swift */,
				2B969A6A26A2CCFF005EEF5E /* Utilities.swift */,
			);
			path = Differentiator;
			sourceTree = "<group>";
		};
		2B969A6926A2CCF0005EEF5E /* RxDataSources */ = {
			isa = PBXGroup;
			children = (
				2B969A9626A2CD12005EEF5E /* AnimationConfiguration.swift */,
				2B969A9526A2CD12005EEF5E /* Array+Extensions.swift */,
				2B969A8E26A2CD11005EEF5E /* CollectionViewSectionedDataSource.swift */,
				2B969A8B26A2CD11005EEF5E /* DataSources.swift */,
				2B969A9326A2CD11005EEF5E /* Deprecated.swift */,
				2B969A9026A2CD11005EEF5E /* FloatingPointType+IdentifiableType.swift */,
				2B969A8826A2CD11005EEF5E /* IntegerType+IdentifiableType.swift */,
				2B969A9126A2CD11005EEF5E /* RxCollectionViewSectionedAnimatedDataSource.swift */,
				2B969A9826A2CD12005EEF5E /* RxCollectionViewSectionedReloadDataSource.swift */,
				2B969A9726A2CD12005EEF5E /* RxDataSources.h */,
				2B969A8726A2CD11005EEF5E /* RxPickerViewAdapter.swift */,
				2B969A8A26A2CD11005EEF5E /* RxTableViewSectionedAnimatedDataSource.swift */,
				2B969A9426A2CD11005EEF5E /* RxTableViewSectionedReloadDataSource.swift */,
				2B969A8C26A2CD11005EEF5E /* String+IdentifiableType.swift */,
				2B969A8D26A2CD11005EEF5E /* TableViewSectionedDataSource.swift */,
				2B969A8F26A2CD11005EEF5E /* UI+SectionedViewType.swift */,
				2B969A9226A2CD11005EEF5E /* ViewTransition.swift */,
			);
			path = RxDataSources;
			sourceTree = "<group>";
		};
		2BB04CAF268DEF6500C82A4F = {
			isa = PBXGroup;
			children = (
				2BB04CBA268DEF6500C82A4F /* Personio */,
				2BB04CD1268DEF6700C82A4F /* PersonioTests */,
				2BB04CDC268DEF6700C82A4F /* PersonioUITests */,
				2BB04CB9268DEF6500C82A4F /* Products */,
				2BB04CFF268DFD1400C82A4F /* Frameworks */,
			);
			sourceTree = "<group>";
		};
		2BB04CB9268DEF6500C82A4F /* Products */ = {
			isa = PBXGroup;
			children = (
				2BB04CB8268DEF6500C82A4F /* Personio.app */,
				2BB04CCE268DEF6700C82A4F /* PersonioTests.xctest */,
				2BB04CD9268DEF6700C82A4F /* PersonioUITests.xctest */,
			);
			name = Products;
			sourceTree = "<group>";
		};
		2BB04CBA268DEF6500C82A4F /* Personio */ = {
			isa = PBXGroup;
			children = (
				2B969A5F26A2CA46005EEF5E /* RxDataSources */,
				2B969A5126A193CC005EEF5E /* Helper */,
				2BB04D11268E0B0B00C82A4F /* Service layer */,
				2BB04D14268E0B2500C82A4F /* Model layer */,
				2B68FC8F268EEED300B3F7F5 /* View layer */,
				2BB04CBB268DEF6500C82A4F /* AppDelegate.swift */,
				2BB04CBD268DEF6500C82A4F /* SceneDelegate.swift */,
				2BB04CC4268DEF6700C82A4F /* Assets.xcassets */,
				2BB04CC6268DEF6700C82A4F /* LaunchScreen.storyboard */,
				2BB04CC9268DEF6700C82A4F /* Info.plist */,
			);
			path = Personio;
			sourceTree = "<group>";
		};
		2BB04CD1268DEF6700C82A4F /* PersonioTests */ = {
			isa = PBXGroup;
			children = (
				2B4D95B72691D9D400DBC519 /* Candidates json */,
				2BB04CD2268DEF6700C82A4F /* CandidateListViewModelTests.swift */,
				2BFE1F4726945A36009F3804 /* CandidateDetailViewModelTests.swift */,
				2BB04CD4268DEF6700C82A4F /* Info.plist */,
			);
			path = PersonioTests;
			sourceTree = "<group>";
		};
		2BB04CDC268DEF6700C82A4F /* PersonioUITests */ = {
			isa = PBXGroup;
			children = (
				2BB04CDD268DEF6700C82A4F /* PersonioUITests.swift */,
				2BB04CDF268DEF6700C82A4F /* Info.plist */,
			);
			path = PersonioUITests;
			sourceTree = "<group>";
		};
		2BB04CFF268DFD1400C82A4F /* Frameworks */ = {
			isa = PBXGroup;
			children = (
				2BB04D2D268E1A9600C82A4F /* RxRealm.xcframework */,
				2BB04D22268E1A8400C82A4F /* Alamofire.xcframework */,
				2BB04D1F268E1A8400C82A4F /* Realm.xcframework */,
				2BB04D20268E1A8400C82A4F /* RealmSwift.xcframework */,
				2BB04D21268E1A8400C82A4F /* RxAlamofire.xcframework */,
				2BB04D03268DFD1400C82A4F /* RxBlocking.xcframework */,
				2BB04D00268DFD1400C82A4F /* RxCocoa.xcframework */,
				2BB04D02268DFD1400C82A4F /* RxRelay.xcframework */,
				2BB04D01268DFD1400C82A4F /* RxSwift.xcframework */,
			);
			name = Frameworks;
			sourceTree = "<group>";
		};
		2BB04D11268E0B0B00C82A4F /* Service layer */ = {
			isa = PBXGroup;
			children = (
				2BB04D12268E0B1200C82A4F /* Remote layer */,
			);
			path = "Service layer";
			sourceTree = "<group>";
		};
		2BB04D12268E0B1200C82A4F /* Remote layer */ = {
			isa = PBXGroup;
			children = (
				2BFBDEDF268E69F000C3D1C9 /* Mocks */,
				2BB04D4E268E5FFE00C82A4F /* Server model */,
				2BB04D34268E1FCA00C82A4F /* PersonioRemoteService.swift */,
				2B4D95C22691E52D00DBC519 /* RemoteNetworkService.swift */,
				2B4D95C626923C5A00DBC519 /* PersonioServiceFactory.swift */,
			);
			path = "Remote layer";
			sourceTree = "<group>";
		};
		2BB04D14268E0B2500C82A4F /* Model layer */ = {
			isa = PBXGroup;
			children = (
				2BB04D15268E0FAD00C82A4F /* Candidate.swift */,
			);
			path = "Model layer";
			sourceTree = "<group>";
		};
		2BB04D4E268E5FFE00C82A4F /* Server model */ = {
			isa = PBXGroup;
			children = (
				2BB04D1B268E12A900C82A4F /* PagedResponse.swift */,
				2BB04D4F268E601500C82A4F /* GenericServerErrorResponse.swift */,
				2BB04D48268E5E3400C82A4F /* ServerErrorResponse.swift */,
			);
			path = "Server model";
			sourceTree = "<group>";
		};
		2BFBDEDF268E69F000C3D1C9 /* Mocks */ = {
			isa = PBXGroup;
			children = (
				2BFE1F1D26935038009F3804 /* MockServerResponse.swift */,
				2BFBDEE0268E6A0100C3D1C9 /* MockPersonioRemoteService.swift */,
				2BFBDEE7268E6A2300C3D1C9 /* candidates.json */,
			);
			path = Mocks;
			sourceTree = "<group>";
		};
		2BFE1ED5269256F0009F3804 /* Candidate list */ = {
			isa = PBXGroup;
			children = (
				2BB04CBF268DEF6500C82A4F /* CandidateListViewController.swift */,
				2BFE1ED8269256FE009F3804 /* CandidateListViewModel.swift */,
				2BFE1F4326944A56009F3804 /* CandidateGeneralCellViewModel.swift */,
			);
			path = "Candidate list";
			sourceTree = "<group>";
		};
		2BFE1EE22692623B009F3804 /* General */ = {
			isa = PBXGroup;
			children = (
				2BFE1EE326926247009F3804 /* LoadingStatus.swift */,
				2BFE1F3A2693B494009F3804 /* General cell */,
			);
			path = General;
			sourceTree = "<group>";
		};
		2BFE1EED26927C6C009F3804 /* Loading views */ = {
			isa = PBXGroup;
			children = (
				2BFE1F1626933E9C009F3804 /* Loading manager view */,
				2BFE1EE926927A1C009F3804 /* LoadingView.swift */,
				2BFE1EF7269337A2009F3804 /* LoadingErrorView.swift */,
			);
			path = "Loading views";
			sourceTree = "<group>";
		};
		2BFE1F1626933E9C009F3804 /* Loading manager view */ = {
			isa = PBXGroup;
			children = (
				2BFE1F0E26933C35009F3804 /* LoadingManagerView.swift */,
				2BFE1F1926933EAB009F3804 /* LoadingManagerViewModel.swift */,
			);
			path = "Loading manager view";
			sourceTree = "<group>";
		};
		2BFE1F2D2693A3C3009F3804 /* Candidate detail */ = {
			isa = PBXGroup;
			children = (
				2BFE1F342693A42F009F3804 /* CandidateDetailViewController.swift */,
				2BFE1F2E2693A3F0009F3804 /* CandidateDetailViewModel.swift */,
			);
			path = "Candidate detail";
			sourceTree = "<group>";
		};
		2BFE1F3A2693B494009F3804 /* General cell */ = {
			isa = PBXGroup;
			children = (
				2B68FC90268EEF9B00B3F7F5 /* GeneralCell.swift */,
				2BFE1F3B2693B4A1009F3804 /* GeneralCellViewModel.swift */,
			);
			path = "General cell";
			sourceTree = "<group>";
		};
/* End PBXGroup section */

/* Begin PBXNativeTarget section */
		2BB04CB7268DEF6500C82A4F /* Personio */ = {
			isa = PBXNativeTarget;
			buildConfigurationList = 2BB04CE2268DEF6700C82A4F /* Build configuration list for PBXNativeTarget "Personio" */;
			buildPhases = (
				2BB04CB4268DEF6500C82A4F /* Sources */,
				2BB04CB5268DEF6500C82A4F /* Frameworks */,
				2BB04CB6268DEF6500C82A4F /* Resources */,
				2BB04D0C268DFD1400C82A4F /* Embed Frameworks */,
			);
			buildRules = (
			);
			dependencies = (
			);
			name = Personio;
			packageProductDependencies = (
			);
			productName = Personio;
			productReference = 2BB04CB8268DEF6500C82A4F /* Personio.app */;
			productType = "com.apple.product-type.application";
		};
		2BB04CCD268DEF6700C82A4F /* PersonioTests */ = {
			isa = PBXNativeTarget;
			buildConfigurationList = 2BB04CE5268DEF6700C82A4F /* Build configuration list for PBXNativeTarget "PersonioTests" */;
			buildPhases = (
				2BB04CCA268DEF6700C82A4F /* Sources */,
				2BB04CCB268DEF6700C82A4F /* Frameworks */,
				2BB04CCC268DEF6700C82A4F /* Resources */,
			);
			buildRules = (
			);
			dependencies = (
				2BB04CD0268DEF6700C82A4F /* PBXTargetDependency */,
			);
			name = PersonioTests;
			productName = PersonioTests;
			productReference = 2BB04CCE268DEF6700C82A4F /* PersonioTests.xctest */;
			productType = "com.apple.product-type.bundle.unit-test";
		};
		2BB04CD8268DEF6700C82A4F /* PersonioUITests */ = {
			isa = PBXNativeTarget;
			buildConfigurationList = 2BB04CE8268DEF6700C82A4F /* Build configuration list for PBXNativeTarget "PersonioUITests" */;
			buildPhases = (
				2BB04CD5268DEF6700C82A4F /* Sources */,
				2BB04CD6268DEF6700C82A4F /* Frameworks */,
				2BB04CD7268DEF6700C82A4F /* Resources */,
			);
			buildRules = (
			);
			dependencies = (
				2BB04CDB268DEF6700C82A4F /* PBXTargetDependency */,
			);
			name = PersonioUITests;
			productName = PersonioUITests;
			productReference = 2BB04CD9268DEF6700C82A4F /* PersonioUITests.xctest */;
			productType = "com.apple.product-type.bundle.ui-testing";
		};
/* End PBXNativeTarget section */

/* Begin PBXProject section */
		2BB04CB0268DEF6500C82A4F /* Project object */ = {
			isa = PBXProject;
			attributes = {
				LastSwiftUpdateCheck = 1230;
				LastUpgradeCheck = 1230;
				TargetAttributes = {
					2BB04CB7268DEF6500C82A4F = {
						CreatedOnToolsVersion = 12.3;
					};
					2BB04CCD268DEF6700C82A4F = {
						CreatedOnToolsVersion = 12.3;
						TestTargetID = 2BB04CB7268DEF6500C82A4F;
					};
					2BB04CD8268DEF6700C82A4F = {
						CreatedOnToolsVersion = 12.3;
						TestTargetID = 2BB04CB7268DEF6500C82A4F;
					};
				};
			};
			buildConfigurationList = 2BB04CB3268DEF6500C82A4F /* Build configuration list for PBXProject "Personio" */;
			compatibilityVersion = "Xcode 9.3";
			developmentRegion = en;
			hasScannedForEncodings = 0;
			knownRegions = (
				en,
				Base,
			);
			mainGroup = 2BB04CAF268DEF6500C82A4F;
			packageReferences = (
			);
			productRefGroup = 2BB04CB9268DEF6500C82A4F /* Products */;
			projectDirPath = "";
			projectRoot = "";
			targets = (
				2BB04CB7268DEF6500C82A4F /* Personio */,
				2BB04CCD268DEF6700C82A4F /* PersonioTests */,
				2BB04CD8268DEF6700C82A4F /* PersonioUITests */,
			);
		};
/* End PBXProject section */

/* Begin PBXResourcesBuildPhase section */
		2BB04CB6268DEF6500C82A4F /* Resources */ = {
			isa = PBXResourcesBuildPhase;
			buildActionMask = 2147483647;
			files = (
				2BB04CC8268DEF6700C82A4F /* LaunchScreen.storyboard in Resources */,
				2B969AC026A362B7005EEF5E /* Storyboard.storyboard in Resources */,
				2BB04CC5268DEF6700C82A4F /* Assets.xcassets in Resources */,
				2BFBDEE8268E6A2300C3D1C9 /* candidates.json in Resources */,
			);
			runOnlyForDeploymentPostprocessing = 0;
		};
		2BB04CCC268DEF6700C82A4F /* Resources */ = {
			isa = PBXResourcesBuildPhase;
			buildActionMask = 2147483647;
			files = (
				2B4D95B92691DA0600DBC519 /* candidates_case_success.json in Resources */,
			);
			runOnlyForDeploymentPostprocessing = 0;
		};
		2BB04CD7268DEF6700C82A4F /* Resources */ = {
			isa = PBXResourcesBuildPhase;
			buildActionMask = 2147483647;
			files = (
			);
			runOnlyForDeploymentPostprocessing = 0;
		};
/* End PBXResourcesBuildPhase section */

/* Begin PBXSourcesBuildPhase section */
		2BB04CB4268DEF6500C82A4F /* Sources */ = {
			isa = PBXSourcesBuildPhase;
			buildActionMask = 2147483647;
			files = (
				2B68FC91268EEF9B00B3F7F5 /* GeneralCell.swift in Sources */,
				2BB04D50268E601500C82A4F /* GenericServerErrorResponse.swift in Sources */,
				2B969A8126A2CD00005EEF5E /* Changeset.swift in Sources */,
				2B969A8226A2CD00005EEF5E /* IdentifiableType.swift in Sources */,
				2B969A9D26A2CD12005EEF5E /* DataSources.swift in Sources */,
				2B969AA026A2CD12005EEF5E /* CollectionViewSectionedDataSource.swift in Sources */,
				2B4D95C726923C5A00DBC519 /* PersonioServiceFactory.swift in Sources */,
				2BFE1F1A26933EAB009F3804 /* LoadingManagerViewModel.swift in Sources */,
				2BB04D35268E1FCA00C82A4F /* PersonioRemoteService.swift in Sources */,
				2B969AA326A2CD12005EEF5E /* RxCollectionViewSectionedAnimatedDataSource.swift in Sources */,
				2B969AA226A2CD12005EEF5E /* FloatingPointType+IdentifiableType.swift in Sources */,
				2B969A8426A2CD00005EEF5E /* SectionModel.swift in Sources */,
				2B969AA526A2CD12005EEF5E /* Deprecated.swift in Sources */,
				2B969AA426A2CD12005EEF5E /* ViewTransition.swift in Sources */,
				2BB04D1C268E12A900C82A4F /* PagedResponse.swift in Sources */,
				2B969AA626A2CD12005EEF5E /* RxTableViewSectionedReloadDataSource.swift in Sources */,
				2B969A7B26A2CD00005EEF5E /* Diff.swift in Sources */,
				2B70ED2426A5801500EAB663 /* UITableView+.swift in Sources */,
				2BFE1F3C2693B4A1009F3804 /* GeneralCellViewModel.swift in Sources */,
				2B969A7A26A2CD00005EEF5E /* AnimatableSectionModelType.swift in Sources */,
				2BFE1F1E26935038009F3804 /* MockServerResponse.swift in Sources */,
				2BFE1EEA26927A1C009F3804 /* LoadingView.swift in Sources */,
				2BFE1EE426926247009F3804 /* LoadingStatus.swift in Sources */,
				2B969A9C26A2CD12005EEF5E /* RxTableViewSectionedAnimatedDataSource.swift in Sources */,
				2BFE1F0F26933C35009F3804 /* LoadingManagerView.swift in Sources */,
				2BFBDEE1268E6A0100C3D1C9 /* MockPersonioRemoteService.swift in Sources */,
				2BFE1EF8269337A2009F3804 /* LoadingErrorView.swift in Sources */,
				2BFE1F4426944A56009F3804 /* CandidateGeneralCellViewModel.swift in Sources */,
				2BB04CC0268DEF6500C82A4F /* CandidateListViewController.swift in Sources */,
				2B969A7826A2CD00005EEF5E /* Utilities.swift in Sources */,
				2BB04CBC268DEF6500C82A4F /* AppDelegate.swift in Sources */,
				2B969A7F26A2CD00005EEF5E /* Optional+Extensions.swift in Sources */,
				2B969A5926A19872005EEF5E /* Observable+.swift in Sources */,
				2BFE1ED9269256FE009F3804 /* CandidateListViewModel.swift in Sources */,
				2B4D95C32691E52D00DBC519 /* RemoteNetworkService.swift in Sources */,
				2B969AA126A2CD12005EEF5E /* UI+SectionedViewType.swift in Sources */,
				2B969AA726A2CD12005EEF5E /* Array+Extensions.swift in Sources */,
				2B969A9A26A2CD12005EEF5E /* IntegerType+IdentifiableType.swift in Sources */,
				2B969ABC26A30A35005EEF5E /* UIScrollView+.swift in Sources */,
				2B969A8026A2CD00005EEF5E /* AnimatableSectionModel.swift in Sources */,
				2BB04CBE268DEF6500C82A4F /* SceneDelegate.swift in Sources */,
				2B969AA926A2CD12005EEF5E /* RxCollectionViewSectionedReloadDataSource.swift in Sources */,
				2B718345268F0A1400AEBBF6 /* UIView+.swift in Sources */,
				2BFE1F352693A42F009F3804 /* CandidateDetailViewController.swift in Sources */,
				2B969A7D26A2CD00005EEF5E /* SectionModelType.swift in Sources */,
				2BB04D49268E5E3400C82A4F /* ServerErrorResponse.swift in Sources */,
				2B969A9926A2CD12005EEF5E /* RxPickerViewAdapter.swift in Sources */,
				2B969A5326A193D6005EEF5E /* SafeRelay.swift in Sources */,
				2B969A9F26A2CD12005EEF5E /* TableViewSectionedDataSource.swift in Sources */,
				2B969A9E26A2CD12005EEF5E /* String+IdentifiableType.swift in Sources */,
				2B969A7C26A2CD00005EEF5E /* AnimatableSectionModelType+ItemPath.swift in Sources */,
				2B969A7926A2CD00005EEF5E /* ItemPath.swift in Sources */,
				2BB04D16268E0FAD00C82A4F /* Candidate.swift in Sources */,
				2BFE1F2F2693A3F0009F3804 /* CandidateDetailViewModel.swift in Sources */,
				2B969AA826A2CD12005EEF5E /* AnimationConfiguration.swift in Sources */,
				2B969A8326A2CD00005EEF5E /* IdentifiableValue.swift in Sources */,
			);
			runOnlyForDeploymentPostprocessing = 0;
		};
		2BB04CCA268DEF6700C82A4F /* Sources */ = {
			isa = PBXSourcesBuildPhase;
			buildActionMask = 2147483647;
			files = (
				2BB04CD3268DEF6700C82A4F /* CandidateListViewModelTests.swift in Sources */,
				2BFE1F4826945A36009F3804 /* CandidateDetailViewModelTests.swift in Sources */,
			);
			runOnlyForDeploymentPostprocessing = 0;
		};
		2BB04CD5268DEF6700C82A4F /* Sources */ = {
			isa = PBXSourcesBuildPhase;
			buildActionMask = 2147483647;
			files = (
				2BB04CDE268DEF6700C82A4F /* PersonioUITests.swift in Sources */,
			);
			runOnlyForDeploymentPostprocessing = 0;
		};
/* End PBXSourcesBuildPhase section */

/* Begin PBXTargetDependency section */
		2BB04CD0268DEF6700C82A4F /* PBXTargetDependency */ = {
			isa = PBXTargetDependency;
			target = 2BB04CB7268DEF6500C82A4F /* Personio */;
			targetProxy = 2BB04CCF268DEF6700C82A4F /* PBXContainerItemProxy */;
		};
		2BB04CDB268DEF6700C82A4F /* PBXTargetDependency */ = {
			isa = PBXTargetDependency;
			target = 2BB04CB7268DEF6500C82A4F /* Personio */;
			targetProxy = 2BB04CDA268DEF6700C82A4F /* PBXContainerItemProxy */;
		};
/* End PBXTargetDependency section */

/* Begin PBXVariantGroup section */
		2BB04CC6268DEF6700C82A4F /* LaunchScreen.storyboard */ = {
			isa = PBXVariantGroup;
			children = (
				2BB04CC7268DEF6700C82A4F /* Base */,
			);
			name = LaunchScreen.storyboard;
			sourceTree = "<group>";
		};
/* End PBXVariantGroup section */

/* Begin XCBuildConfiguration section */
		2BB04CE0268DEF6700C82A4F /* Debug */ = {
			isa = XCBuildConfiguration;
			buildSettings = {
				ALWAYS_SEARCH_USER_PATHS = NO;
				CLANG_ANALYZER_NONNULL = YES;
				CLANG_ANALYZER_NUMBER_OBJECT_CONVERSION = YES_AGGRESSIVE;
				CLANG_CXX_LANGUAGE_STANDARD = "gnu++14";
				CLANG_CXX_LIBRARY = "libc++";
				CLANG_ENABLE_MODULES = YES;
				CLANG_ENABLE_OBJC_ARC = YES;
				CLANG_ENABLE_OBJC_WEAK = YES;
				CLANG_WARN_BLOCK_CAPTURE_AUTORELEASING = YES;
				CLANG_WARN_BOOL_CONVERSION = YES;
				CLANG_WARN_COMMA = YES;
				CLANG_WARN_CONSTANT_CONVERSION = YES;
				CLANG_WARN_DEPRECATED_OBJC_IMPLEMENTATIONS = YES;
				CLANG_WARN_DIRECT_OBJC_ISA_USAGE = YES_ERROR;
				CLANG_WARN_DOCUMENTATION_COMMENTS = YES;
				CLANG_WARN_EMPTY_BODY = YES;
				CLANG_WARN_ENUM_CONVERSION = YES;
				CLANG_WARN_INFINITE_RECURSION = YES;
				CLANG_WARN_INT_CONVERSION = YES;
				CLANG_WARN_NON_LITERAL_NULL_CONVERSION = YES;
				CLANG_WARN_OBJC_IMPLICIT_RETAIN_SELF = YES;
				CLANG_WARN_OBJC_LITERAL_CONVERSION = YES;
				CLANG_WARN_OBJC_ROOT_CLASS = YES_ERROR;
				CLANG_WARN_QUOTED_INCLUDE_IN_FRAMEWORK_HEADER = YES;
				CLANG_WARN_RANGE_LOOP_ANALYSIS = YES;
				CLANG_WARN_STRICT_PROTOTYPES = YES;
				CLANG_WARN_SUSPICIOUS_MOVE = YES;
				CLANG_WARN_UNGUARDED_AVAILABILITY = YES_AGGRESSIVE;
				CLANG_WARN_UNREACHABLE_CODE = YES;
				CLANG_WARN__DUPLICATE_METHOD_MATCH = YES;
				COPY_PHASE_STRIP = NO;
				DEBUG_INFORMATION_FORMAT = dwarf;
				ENABLE_STRICT_OBJC_MSGSEND = YES;
				ENABLE_TESTABILITY = YES;
				GCC_C_LANGUAGE_STANDARD = gnu11;
				GCC_DYNAMIC_NO_PIC = NO;
				GCC_NO_COMMON_BLOCKS = YES;
				GCC_OPTIMIZATION_LEVEL = 0;
				GCC_PREPROCESSOR_DEFINITIONS = (
					"DEBUG=1",
					"$(inherited)",
				);
				GCC_WARN_64_TO_32_BIT_CONVERSION = YES;
				GCC_WARN_ABOUT_RETURN_TYPE = YES_ERROR;
				GCC_WARN_UNDECLARED_SELECTOR = YES;
				GCC_WARN_UNINITIALIZED_AUTOS = YES_AGGRESSIVE;
				GCC_WARN_UNUSED_FUNCTION = YES;
				GCC_WARN_UNUSED_VARIABLE = YES;
				IPHONEOS_DEPLOYMENT_TARGET = 14.3;
				MTL_ENABLE_DEBUG_INFO = INCLUDE_SOURCE;
				MTL_FAST_MATH = YES;
				ONLY_ACTIVE_ARCH = YES;
				SDKROOT = iphoneos;
				SWIFT_ACTIVE_COMPILATION_CONDITIONS = DEBUG;
				SWIFT_OPTIMIZATION_LEVEL = "-Onone";
			};
			name = Debug;
		};
		2BB04CE1268DEF6700C82A4F /* Release */ = {
			isa = XCBuildConfiguration;
			buildSettings = {
				ALWAYS_SEARCH_USER_PATHS = NO;
				CLANG_ANALYZER_NONNULL = YES;
				CLANG_ANALYZER_NUMBER_OBJECT_CONVERSION = YES_AGGRESSIVE;
				CLANG_CXX_LANGUAGE_STANDARD = "gnu++14";
				CLANG_CXX_LIBRARY = "libc++";
				CLANG_ENABLE_MODULES = YES;
				CLANG_ENABLE_OBJC_ARC = YES;
				CLANG_ENABLE_OBJC_WEAK = YES;
				CLANG_WARN_BLOCK_CAPTURE_AUTORELEASING = YES;
				CLANG_WARN_BOOL_CONVERSION = YES;
				CLANG_WARN_COMMA = YES;
				CLANG_WARN_CONSTANT_CONVERSION = YES;
				CLANG_WARN_DEPRECATED_OBJC_IMPLEMENTATIONS = YES;
				CLANG_WARN_DIRECT_OBJC_ISA_USAGE = YES_ERROR;
				CLANG_WARN_DOCUMENTATION_COMMENTS = YES;
				CLANG_WARN_EMPTY_BODY = YES;
				CLANG_WARN_ENUM_CONVERSION = YES;
				CLANG_WARN_INFINITE_RECURSION = YES;
				CLANG_WARN_INT_CONVERSION = YES;
				CLANG_WARN_NON_LITERAL_NULL_CONVERSION = YES;
				CLANG_WARN_OBJC_IMPLICIT_RETAIN_SELF = YES;
				CLANG_WARN_OBJC_LITERAL_CONVERSION = YES;
				CLANG_WARN_OBJC_ROOT_CLASS = YES_ERROR;
				CLANG_WARN_QUOTED_INCLUDE_IN_FRAMEWORK_HEADER = YES;
				CLANG_WARN_RANGE_LOOP_ANALYSIS = YES;
				CLANG_WARN_STRICT_PROTOTYPES = YES;
				CLANG_WARN_SUSPICIOUS_MOVE = YES;
				CLANG_WARN_UNGUARDED_AVAILABILITY = YES_AGGRESSIVE;
				CLANG_WARN_UNREACHABLE_CODE = YES;
				CLANG_WARN__DUPLICATE_METHOD_MATCH = YES;
				COPY_PHASE_STRIP = NO;
				DEBUG_INFORMATION_FORMAT = "dwarf-with-dsym";
				ENABLE_NS_ASSERTIONS = NO;
				ENABLE_STRICT_OBJC_MSGSEND = YES;
				GCC_C_LANGUAGE_STANDARD = gnu11;
				GCC_NO_COMMON_BLOCKS = YES;
				GCC_WARN_64_TO_32_BIT_CONVERSION = YES;
				GCC_WARN_ABOUT_RETURN_TYPE = YES_ERROR;
				GCC_WARN_UNDECLARED_SELECTOR = YES;
				GCC_WARN_UNINITIALIZED_AUTOS = YES_AGGRESSIVE;
				GCC_WARN_UNUSED_FUNCTION = YES;
				GCC_WARN_UNUSED_VARIABLE = YES;
				IPHONEOS_DEPLOYMENT_TARGET = 14.3;
				MTL_ENABLE_DEBUG_INFO = NO;
				MTL_FAST_MATH = YES;
				SDKROOT = iphoneos;
				SWIFT_COMPILATION_MODE = wholemodule;
				SWIFT_OPTIMIZATION_LEVEL = "-O";
				VALIDATE_PRODUCT = YES;
			};
			name = Release;
		};
		2BB04CE3268DEF6700C82A4F /* Debug */ = {
			isa = XCBuildConfiguration;
			buildSettings = {
				ASSETCATALOG_COMPILER_APPICON_NAME = AppIcon;
				ASSETCATALOG_COMPILER_GLOBAL_ACCENT_COLOR_NAME = AccentColor;
				CODE_SIGN_STYLE = Automatic;
				INFOPLIST_FILE = Personio/Info.plist;
				LD_RUNPATH_SEARCH_PATHS = (
					"$(inherited)",
					"@executable_path/Frameworks",
				);
				PRODUCT_BUNDLE_IDENTIFIER = DaveTest.Personio;
				PRODUCT_NAME = "$(TARGET_NAME)";
				SWIFT_VERSION = 5.0;
				TARGETED_DEVICE_FAMILY = "1,2";
			};
			name = Debug;
		};
		2BB04CE4268DEF6700C82A4F /* Release */ = {
			isa = XCBuildConfiguration;
			buildSettings = {
				ASSETCATALOG_COMPILER_APPICON_NAME = AppIcon;
				ASSETCATALOG_COMPILER_GLOBAL_ACCENT_COLOR_NAME = AccentColor;
				CODE_SIGN_STYLE = Automatic;
				INFOPLIST_FILE = Personio/Info.plist;
				LD_RUNPATH_SEARCH_PATHS = (
					"$(inherited)",
					"@executable_path/Frameworks",
				);
				PRODUCT_BUNDLE_IDENTIFIER = DaveTest.Personio;
				PRODUCT_NAME = "$(TARGET_NAME)";
				SWIFT_VERSION = 5.0;
				TARGETED_DEVICE_FAMILY = "1,2";
			};
			name = Release;
		};
		2BB04CE6268DEF6700C82A4F /* Debug */ = {
			isa = XCBuildConfiguration;
			buildSettings = {
				ALWAYS_EMBED_SWIFT_STANDARD_LIBRARIES = YES;
				BUNDLE_LOADER = "$(TEST_HOST)";
				CODE_SIGN_STYLE = Automatic;
				INFOPLIST_FILE = PersonioTests/Info.plist;
				IPHONEOS_DEPLOYMENT_TARGET = 14.3;
				LD_RUNPATH_SEARCH_PATHS = (
					"$(inherited)",
					"@executable_path/Frameworks",
					"@loader_path/Frameworks",
				);
				PRODUCT_BUNDLE_IDENTIFIER = DaveTest.PersonioTests;
				PRODUCT_NAME = "$(TARGET_NAME)";
				SWIFT_VERSION = 5.0;
				TARGETED_DEVICE_FAMILY = "1,2";
				TEST_HOST = "$(BUILT_PRODUCTS_DIR)/Personio.app/Personio";
			};
			name = Debug;
		};
		2BB04CE7268DEF6700C82A4F /* Release */ = {
			isa = XCBuildConfiguration;
			buildSettings = {
				ALWAYS_EMBED_SWIFT_STANDARD_LIBRARIES = YES;
				BUNDLE_LOADER = "$(TEST_HOST)";
				CODE_SIGN_STYLE = Automatic;
				INFOPLIST_FILE = PersonioTests/Info.plist;
				IPHONEOS_DEPLOYMENT_TARGET = 14.3;
				LD_RUNPATH_SEARCH_PATHS = (
					"$(inherited)",
					"@executable_path/Frameworks",
					"@loader_path/Frameworks",
				);
				PRODUCT_BUNDLE_IDENTIFIER = DaveTest.PersonioTests;
				PRODUCT_NAME = "$(TARGET_NAME)";
				SWIFT_VERSION = 5.0;
				TARGETED_DEVICE_FAMILY = "1,2";
				TEST_HOST = "$(BUILT_PRODUCTS_DIR)/Personio.app/Personio";
			};
			name = Release;
		};
		2BB04CE9268DEF6700C82A4F /* Debug */ = {
			isa = XCBuildConfiguration;
			buildSettings = {
				ALWAYS_EMBED_SWIFT_STANDARD_LIBRARIES = YES;
				CODE_SIGN_STYLE = Automatic;
				INFOPLIST_FILE = PersonioUITests/Info.plist;
				LD_RUNPATH_SEARCH_PATHS = (
					"$(inherited)",
					"@executable_path/Frameworks",
					"@loader_path/Frameworks",
				);
				PRODUCT_BUNDLE_IDENTIFIER = DaveTest.PersonioUITests;
				PRODUCT_NAME = "$(TARGET_NAME)";
				SWIFT_VERSION = 5.0;
				TARGETED_DEVICE_FAMILY = "1,2";
				TEST_TARGET_NAME = Personio;
			};
			name = Debug;
		};
		2BB04CEA268DEF6700C82A4F /* Release */ = {
			isa = XCBuildConfiguration;
			buildSettings = {
				ALWAYS_EMBED_SWIFT_STANDARD_LIBRARIES = YES;
				CODE_SIGN_STYLE = Automatic;
				INFOPLIST_FILE = PersonioUITests/Info.plist;
				LD_RUNPATH_SEARCH_PATHS = (
					"$(inherited)",
					"@executable_path/Frameworks",
					"@loader_path/Frameworks",
				);
				PRODUCT_BUNDLE_IDENTIFIER = DaveTest.PersonioUITests;
				PRODUCT_NAME = "$(TARGET_NAME)";
				SWIFT_VERSION = 5.0;
				TARGETED_DEVICE_FAMILY = "1,2";
				TEST_TARGET_NAME = Personio;
			};
			name = Release;
		};
/* End XCBuildConfiguration section */

/* Begin XCConfigurationList section */
		2BB04CB3268DEF6500C82A4F /* Build configuration list for PBXProject "Personio" */ = {
			isa = XCConfigurationList;
			buildConfigurations = (
				2BB04CE0268DEF6700C82A4F /* Debug */,
				2BB04CE1268DEF6700C82A4F /* Release */,
			);
			defaultConfigurationIsVisible = 0;
			defaultConfigurationName = Release;
		};
		2BB04CE2268DEF6700C82A4F /* Build configuration list for PBXNativeTarget "Personio" */ = {
			isa = XCConfigurationList;
			buildConfigurations = (
				2BB04CE3268DEF6700C82A4F /* Debug */,
				2BB04CE4268DEF6700C82A4F /* Release */,
			);
			defaultConfigurationIsVisible = 0;
			defaultConfigurationName = Release;
		};
		2BB04CE5268DEF6700C82A4F /* Build configuration list for PBXNativeTarget "PersonioTests" */ = {
			isa = XCConfigurationList;
			buildConfigurations = (
				2BB04CE6268DEF6700C82A4F /* Debug */,
				2BB04CE7268DEF6700C82A4F /* Release */,
			);
			defaultConfigurationIsVisible = 0;
			defaultConfigurationName = Release;
		};
		2BB04CE8268DEF6700C82A4F /* Build configuration list for PBXNativeTarget "PersonioUITests" */ = {
			isa = XCConfigurationList;
			buildConfigurations = (
				2BB04CE9268DEF6700C82A4F /* Debug */,
				2BB04CEA268DEF6700C82A4F /* Release */,
			);
			defaultConfigurationIsVisible = 0;
			defaultConfigurationName = Release;
		};
/* End XCConfigurationList section */
	};
	rootObject = 2BB04CB0268DEF6500C82A4F /* Project object */;
}
